
Microsoft Visual Studio Solution File, Format Version 12.00
Project("{FAE04EC0-301F-11D3-BF4B-00C04F79EFBC}") = "FluxorRedux", "FluxorRedux\FluxorRedux.csproj", "{C0F20CEA-1262-4B4B-B5BC-B70086E1C00A}"
EndProject
Global
	GlobalSection(SolutionConfigurationPlatforms) = preSolution
		Debug|Any CPU = Debug|Any CPU
		Release|Any CPU = Release|Any CPU
	EndGlobalSection
	GlobalSection(ProjectConfigurationPlatforms) = postSolution
		{C0F20CEA-1262-4B4B-B5BC-B70086E1C00A}.Debug|Any CPU.ActiveCfg = Debug|Any CPU
		{C0F20CEA-1262-4B4B-B5BC-B70086E1C00A}.Debug|Any CPU.Build.0 = Debug|Any CPU
		{C0F20CEA-1262-4B4B-B5BC-B70086E1C00A}.Release|Any CPU.ActiveCfg = Release|Any CPU
		{C0F20CEA-1262-4B4B-B5BC-B70086E1C00A}.Release|Any CPU.Build.0 = Release|Any CPU
	EndGlobalSection
EndGlobal
